
Microsoft Visual Studio Solution File, Format Version 12.00
# Visual Studio Version 17
VisualStudioVersion = 17.9.34728.123
MinimumVisualStudioVersion = 10.0.40219.1
Project("{FAE04EC0-301F-11D3-BF4B-00C04F79EFBC}") = "MoviesRental.Api", "MoviesRental.Api\MoviesRental.Api.csproj", "{000FB1DB-AE91-4113-BB36-0B0BA83733FE}"
EndProject
Project("{FAE04EC0-301F-11D3-BF4B-00C04F79EFBC}") = "MoviesRental.Domain", "MoviesRental.Domain\MoviesRental.Domain.csproj", "{E0569332-9B9F-45C2-A866-1156CF5B34F5}"
EndProject
Project("{FAE04EC0-301F-11D3-BF4B-00C04F79EFBC}") = "MoviesRental.Application", "MoviesRental.Application\MoviesRental.Application.csproj", "{FB886044-CD97-49CE-901C-0C14D19F865C}"
EndProject
Project("{FAE04EC0-301F-11D3-BF4B-00C04F79EFBC}") = "MoviesRental.Infra.IoC", "MoviesRental.Infra.IoC\MoviesRental.Infra.IoC.csproj", "{0C72390C-EBEE-444B-AAEB-CB92A34EB8E7}"
EndProject
Project("{FAE04EC0-301F-11D3-BF4B-00C04F79EFBC}") = "MoviesRental.Infra.Data", "MoviesRental.Infra.Data\MoviesRental.Infra.Data.csproj", "{670D65C4-83A1-456B-9064-9494AA92F27B}"
EndProject
Global
	GlobalSection(SolutionConfigurationPlatforms) = preSolution
		Debug|Any CPU = Debug|Any CPU
		Release|Any CPU = Release|Any CPU
	EndGlobalSection
	GlobalSection(ProjectConfigurationPlatforms) = postSolution
		{000FB1DB-AE91-4113-BB36-0B0BA83733FE}.Debug|Any CPU.ActiveCfg = Debug|Any CPU
		{000FB1DB-AE91-4113-BB36-0B0BA83733FE}.Debug|Any CPU.Build.0 = Debug|Any CPU
		{000FB1DB-AE91-4113-BB36-0B0BA83733FE}.Release|Any CPU.ActiveCfg = Release|Any CPU
		{000FB1DB-AE91-4113-BB36-0B0BA83733FE}.Release|Any CPU.Build.0 = Release|Any CPU
		{E0569332-9B9F-45C2-A866-1156CF5B34F5}.Debug|Any CPU.ActiveCfg = Debug|Any CPU
		{E0569332-9B9F-45C2-A866-1156CF5B34F5}.Debug|Any CPU.Build.0 = Debug|Any CPU
		{E0569332-9B9F-45C2-A866-1156CF5B34F5}.Release|Any CPU.ActiveCfg = Release|Any CPU
		{E0569332-9B9F-45C2-A866-1156CF5B34F5}.Release|Any CPU.Build.0 = Release|Any CPU
		{FB886044-CD97-49CE-901C-0C14D19F865C}.Debug|Any CPU.ActiveCfg = Debug|Any CPU
		{FB886044-CD97-49CE-901C-0C14D19F865C}.Debug|Any CPU.Build.0 = Debug|Any CPU
		{FB886044-CD97-49CE-901C-0C14D19F865C}.Release|Any CPU.ActiveCfg = Release|Any CPU
		{FB886044-CD97-49CE-901C-0C14D19F865C}.Release|Any CPU.Build.0 = Release|Any CPU
		{0C72390C-EBEE-444B-AAEB-CB92A34EB8E7}.Debug|Any CPU.ActiveCfg = Debug|Any CPU
		{0C72390C-EBEE-444B-AAEB-CB92A34EB8E7}.Debug|Any CPU.Build.0 = Debug|Any CPU
		{0C72390C-EBEE-444B-AAEB-CB92A34EB8E7}.Release|Any CPU.ActiveCfg = Release|Any CPU
		{0C72390C-EBEE-444B-AAEB-CB92A34EB8E7}.Release|Any CPU.Build.0 = Release|Any CPU
		{670D65C4-83A1-456B-9064-9494AA92F27B}.Debug|Any CPU.ActiveCfg = Debug|Any CPU
		{670D65C4-83A1-456B-9064-9494AA92F27B}.Debug|Any CPU.Build.0 = Debug|Any CPU
		{670D65C4-83A1-456B-9064-9494AA92F27B}.Release|Any CPU.ActiveCfg = Release|Any CPU
		{670D65C4-83A1-456B-9064-9494AA92F27B}.Release|Any CPU.Build.0 = Release|Any CPU
	EndGlobalSection
	GlobalSection(SolutionProperties) = preSolution
		HideSolutionNode = FALSE
	EndGlobalSection
	GlobalSection(ExtensibilityGlobals) = postSolution
		SolutionGuid = {31572D48-7FB4-469A-9CCF-833CCD9CDDE8}
	EndGlobalSection
EndGlobal
